
Microsoft Visual Studio Solution File, Format Version 12.00
# Visual Studio Version 17
VisualStudioVersion = 17.11.35327.3
MinimumVisualStudioVersion = 10.0.40219.1
Project("{FAE04EC0-301F-11D3-BF4B-00C04F79EFBC}") = "Lab2", "Lab2\Lab2.csproj", "{B1C8BDD1-9B34-48C1-B00C-40B5DC978004}"
EndProject
Project("{FAE04EC0-301F-11D3-BF4B-00C04F79EFBC}") = "Lab2.DAL", "Lab2.DAL\Lab2.DAL.csproj", "{214BCEF1-8F50-4AA9-8BB5-F6A5AB1C755C}"
EndProject
Global
	GlobalSection(SolutionConfigurationPlatforms) = preSolution
		Debug|Any CPU = Debug|Any CPU
		Release|Any CPU = Release|Any CPU
	EndGlobalSection
	GlobalSection(ProjectConfigurationPlatforms) = postSolution
		{B1C8BDD1-9B34-48C1-B00C-40B5DC978004}.Debug|Any CPU.ActiveCfg = Debug|Any CPU
		{B1C8BDD1-9B34-48C1-B00C-40B5DC978004}.Debug|Any CPU.Build.0 = Debug|Any CPU
		{B1C8BDD1-9B34-48C1-B00C-40B5DC978004}.Release|Any CPU.ActiveCfg = Release|Any CPU
		{B1C8BDD1-9B34-48C1-B00C-40B5DC978004}.Release|Any CPU.Build.0 = Release|Any CPU
		{214BCEF1-8F50-4AA9-8BB5-F6A5AB1C755C}.Debug|Any CPU.ActiveCfg = Debug|Any CPU
		{214BCEF1-8F50-4AA9-8BB5-F6A5AB1C755C}.Debug|Any CPU.Build.0 = Debug|Any CPU
		{214BCEF1-8F50-4AA9-8BB5-F6A5AB1C755C}.Release|Any CPU.ActiveCfg = Release|Any CPU
		{214BCEF1-8F50-4AA9-8BB5-F6A5AB1C755C}.Release|Any CPU.Build.0 = Release|Any CPU
	EndGlobalSection
	GlobalSection(SolutionProperties) = preSolution
		HideSolutionNode = FALSE
	EndGlobalSection
	GlobalSection(ExtensibilityGlobals) = postSolution
		SolutionGuid = {A8058AB2-101F-417D-BC93-1265B37145C1}
	EndGlobalSection
EndGlobal
